
Microsoft Visual Studio Solution File, Format Version 12.00
# Visual Studio Version 17
VisualStudioVersion = 17.0.32126.317
MinimumVisualStudioVersion = 10.0.40219.1
Project("{FAE04EC0-301F-11D3-BF4B-00C04F79EFBC}") = "成绩转换", "成绩转换\成绩转换.csproj", "{0FCD47FB-8A18-4753-AD90-D1CF28887BC9}"
EndProject
Global
	GlobalSection(SolutionConfigurationPlatforms) = preSolution
		Debug|Any CPU = Debug|Any CPU
		Release|Any CPU = Release|Any CPU
	EndGlobalSection
	GlobalSection(ProjectConfigurationPlatforms) = postSolution
		{0FCD47FB-8A18-4753-AD90-D1CF28887BC9}.Debug|Any CPU.ActiveCfg = Debug|Any CPU
		{0FCD47FB-8A18-4753-AD90-D1CF28887BC9}.Debug|Any CPU.Build.0 = Debug|Any CPU
		{0FCD47FB-8A18-4753-AD90-D1CF28887BC9}.Release|Any CPU.ActiveCfg = Release|Any CPU
		{0FCD47FB-8A18-4753-AD90-D1CF28887BC9}.Release|Any CPU.Build.0 = Release|Any CPU
	EndGlobalSection
	GlobalSection(SolutionProperties) = preSolution
		HideSolutionNode = FALSE
	EndGlobalSection
	GlobalSection(ExtensibilityGlobals) = postSolution
		SolutionGuid = {BC3E915C-88B8-40DF-85EB-5C1B5607B667}
	EndGlobalSection
EndGlobal
